
Microsoft Visual Studio Solution File, Format Version 12.00
# Visual Studio Version 17
VisualStudioVersion = 17.7.34018.315
MinimumVisualStudioVersion = 10.0.40219.1
Project("{FAE04EC0-301F-11D3-BF4B-00C04F79EFBC}") = "NetCode", "NetCode\NetCode.csproj", "{B28544DF-52B8-4733-8F21-141A821EB95A}"
EndProject
Global
	GlobalSection(SolutionConfigurationPlatforms) = preSolution
		Debug|Any CPU = Debug|Any CPU
		Release|Any CPU = Release|Any CPU
	EndGlobalSection
	GlobalSection(ProjectConfigurationPlatforms) = postSolution
		{B28544DF-52B8-4733-8F21-141A821EB95A}.Debug|Any CPU.ActiveCfg = Debug|Any CPU
		{B28544DF-52B8-4733-8F21-141A821EB95A}.Debug|Any CPU.Build.0 = Debug|Any CPU
		{B28544DF-52B8-4733-8F21-141A821EB95A}.Release|Any CPU.ActiveCfg = Release|Any CPU
		{B28544DF-52B8-4733-8F21-141A821EB95A}.Release|Any CPU.Build.0 = Release|Any CPU
	EndGlobalSection
	GlobalSection(SolutionProperties) = preSolution
		HideSolutionNode = FALSE
	EndGlobalSection
	GlobalSection(ExtensibilityGlobals) = postSolution
		SolutionGuid = {881683B7-9712-4B8D-8E30-56884E165B35}
	EndGlobalSection
EndGlobal
